
Microsoft Visual Studio Solution File, Format Version 12.00
# Visual Studio 15
VisualStudioVersion = 15.0.28307.329
MinimumVisualStudioVersion = 10.0.40219.1
Project("{9A19103F-16F7-4668-BE54-9A1E7A4F7556}") = "AlbumRating", "AlbumRating\AlbumRating.csproj", "{93B1FD60-8DD2-4829-9258-51B76F8CF54A}"
EndProject
Project("{9A19103F-16F7-4668-BE54-9A1E7A4F7556}") = "AlbumRating.Data", "AlbumRating.Data\AlbumRating.Data.csproj", "{E5C6AF9E-C4A9-4374-88D6-20918C9E8758}"
EndProject
Project("{9A19103F-16F7-4668-BE54-9A1E7A4F7556}") = "AlbumRating.Data.Models", "AlbumRating.Data.Models\AlbumRating.Data.Models.csproj", "{CD6A6906-FD08-4B59-9D50-BA4EB34F170F}"
EndProject
Project("{9A19103F-16F7-4668-BE54-9A1E7A4F7556}") = "AlbumRating.Services", "AlbumRating.Services\AlbumRating.Services.csproj", "{E6C14FD0-1120-41A7-8E90-DE3CA322C5DA}"
EndProject
Project("{9A19103F-16F7-4668-BE54-9A1E7A4F7556}") = "AlbumRating.ViewModels", "AlbumRating.ViewModels\AlbumRating.ViewModels.csproj", "{E60235E4-BA50-4149-8F61-5DEB299F66E3}"
EndProject
Project("{FAE04EC0-301F-11D3-BF4B-00C04F79EFBC}") = "AlbumRating.Tests", "AlbumRating.Tests\AlbumRating.Tests.csproj", "{CC4218FB-D350-49B8-A315-20ECB7A27A79}"
EndProject
Global
	GlobalSection(SolutionConfigurationPlatforms) = preSolution
		Debug|Any CPU = Debug|Any CPU
		Release|Any CPU = Release|Any CPU
	EndGlobalSection
	GlobalSection(ProjectConfigurationPlatforms) = postSolution
		{93B1FD60-8DD2-4829-9258-51B76F8CF54A}.Debug|Any CPU.ActiveCfg = Debug|Any CPU
		{93B1FD60-8DD2-4829-9258-51B76F8CF54A}.Debug|Any CPU.Build.0 = Debug|Any CPU
		{93B1FD60-8DD2-4829-9258-51B76F8CF54A}.Release|Any CPU.ActiveCfg = Release|Any CPU
		{93B1FD60-8DD2-4829-9258-51B76F8CF54A}.Release|Any CPU.Build.0 = Release|Any CPU
		{E5C6AF9E-C4A9-4374-88D6-20918C9E8758}.Debug|Any CPU.ActiveCfg = Debug|Any CPU
		{E5C6AF9E-C4A9-4374-88D6-20918C9E8758}.Debug|Any CPU.Build.0 = Debug|Any CPU
		{E5C6AF9E-C4A9-4374-88D6-20918C9E8758}.Release|Any CPU.ActiveCfg = Release|Any CPU
		{E5C6AF9E-C4A9-4374-88D6-20918C9E8758}.Release|Any CPU.Build.0 = Release|Any CPU
		{CD6A6906-FD08-4B59-9D50-BA4EB34F170F}.Debug|Any CPU.ActiveCfg = Debug|Any CPU
		{CD6A6906-FD08-4B59-9D50-BA4EB34F170F}.Debug|Any CPU.Build.0 = Debug|Any CPU
		{CD6A6906-FD08-4B59-9D50-BA4EB34F170F}.Release|Any CPU.ActiveCfg = Release|Any CPU
		{CD6A6906-FD08-4B59-9D50-BA4EB34F170F}.Release|Any CPU.Build.0 = Release|Any CPU
		{E6C14FD0-1120-41A7-8E90-DE3CA322C5DA}.Debug|Any CPU.ActiveCfg = Debug|Any CPU
		{E6C14FD0-1120-41A7-8E90-DE3CA322C5DA}.Debug|Any CPU.Build.0 = Debug|Any CPU
		{E6C14FD0-1120-41A7-8E90-DE3CA322C5DA}.Release|Any CPU.ActiveCfg = Release|Any CPU
		{E6C14FD0-1120-41A7-8E90-DE3CA322C5DA}.Release|Any CPU.Build.0 = Release|Any CPU
		{E60235E4-BA50-4149-8F61-5DEB299F66E3}.Debug|Any CPU.ActiveCfg = Debug|Any CPU
		{E60235E4-BA50-4149-8F61-5DEB299F66E3}.Debug|Any CPU.Build.0 = Debug|Any CPU
		{E60235E4-BA50-4149-8F61-5DEB299F66E3}.Release|Any CPU.ActiveCfg = Release|Any CPU
		{E60235E4-BA50-4149-8F61-5DEB299F66E3}.Release|Any CPU.Build.0 = Release|Any CPU
		{CC4218FB-D350-49B8-A315-20ECB7A27A79}.Debug|Any CPU.ActiveCfg = Debug|Any CPU
		{CC4218FB-D350-49B8-A315-20ECB7A27A79}.Debug|Any CPU.Build.0 = Debug|Any CPU
		{CC4218FB-D350-49B8-A315-20ECB7A27A79}.Release|Any CPU.ActiveCfg = Release|Any CPU
		{CC4218FB-D350-49B8-A315-20ECB7A27A79}.Release|Any CPU.Build.0 = Release|Any CPU
	EndGlobalSection
	GlobalSection(SolutionProperties) = preSolution
		HideSolutionNode = FALSE
	EndGlobalSection
	GlobalSection(ExtensibilityGlobals) = postSolution
		SolutionGuid = {26AB6463-3850-40AA-B924-22B85C35840C}
	EndGlobalSection
EndGlobal
